
Microsoft Visual Studio Solution File, Format Version 12.00
# Visual Studio 2012
Project("{FAE04EC0-301F-11D3-BF4B-00C04F79EFBC}") = "WindowsFormsApplication1", "WindowsFormsApplication1\WindowsFormsApplication1.csproj", "{AB3CBA1F-B5D7-4349-AA8C-60A994819473}"
EndProject
Global
	GlobalSection(SolutionConfigurationPlatforms) = preSolution
		Debug|Any CPU = Debug|Any CPU
		Release|Any CPU = Release|Any CPU
	EndGlobalSection
	GlobalSection(ProjectConfigurationPlatforms) = postSolution
		{AB3CBA1F-B5D7-4349-AA8C-60A994819473}.Debug|Any CPU.ActiveCfg = Debug|Any CPU
		{AB3CBA1F-B5D7-4349-AA8C-60A994819473}.Debug|Any CPU.Build.0 = Debug|Any CPU
		{AB3CBA1F-B5D7-4349-AA8C-60A994819473}.Release|Any CPU.ActiveCfg = Release|Any CPU
		{AB3CBA1F-B5D7-4349-AA8C-60A994819473}.Release|Any CPU.Build.0 = Release|Any CPU
	EndGlobalSection
	GlobalSection(SolutionProperties) = preSolution
		HideSolutionNode = FALSE
	EndGlobalSection
EndGlobal
