
Microsoft Visual Studio Solution File, Format Version 12.00
# Visual Studio 2012
Project("{FAE04EC0-301F-11D3-BF4B-00C04F79EFBC}") = "9_9", "9_9\9_9.csproj", "{7B937ED0-D173-459F-890F-B3E549EA3563}"
EndProject
Project("{FAE04EC0-301F-11D3-BF4B-00C04F79EFBC}") = "ConsoleApplication2", "..\ConsoleApplication2\ConsoleApplication2\ConsoleApplication2.csproj", "{78286030-1117-4369-8C97-CB9EC6206388}"
EndProject
Global
	GlobalSection(SolutionConfigurationPlatforms) = preSolution
		Debug|Any CPU = Debug|Any CPU
		Release|Any CPU = Release|Any CPU
	EndGlobalSection
	GlobalSection(ProjectConfigurationPlatforms) = postSolution
		{7B937ED0-D173-459F-890F-B3E549EA3563}.Debug|Any CPU.ActiveCfg = Debug|Any CPU
		{7B937ED0-D173-459F-890F-B3E549EA3563}.Debug|Any CPU.Build.0 = Debug|Any CPU
		{7B937ED0-D173-459F-890F-B3E549EA3563}.Release|Any CPU.ActiveCfg = Release|Any CPU
		{7B937ED0-D173-459F-890F-B3E549EA3563}.Release|Any CPU.Build.0 = Release|Any CPU
		{78286030-1117-4369-8C97-CB9EC6206388}.Debug|Any CPU.ActiveCfg = Debug|Any CPU
		{78286030-1117-4369-8C97-CB9EC6206388}.Debug|Any CPU.Build.0 = Debug|Any CPU
		{78286030-1117-4369-8C97-CB9EC6206388}.Release|Any CPU.ActiveCfg = Release|Any CPU
		{78286030-1117-4369-8C97-CB9EC6206388}.Release|Any CPU.Build.0 = Release|Any CPU
	EndGlobalSection
	GlobalSection(SolutionProperties) = preSolution
		HideSolutionNode = FALSE
	EndGlobalSection
EndGlobal
