
Microsoft Visual Studio Solution File, Format Version 12.00
# Visual Studio 2012
Project("{FAE04EC0-301F-11D3-BF4B-00C04F79EFBC}") = "9-21作业", "9-21作业\9-21作业.csproj", "{F42E28B5-74FF-4F88-A0D5-49BAFA3495CB}"
EndProject
Global
	GlobalSection(SolutionConfigurationPlatforms) = preSolution
		Debug|Any CPU = Debug|Any CPU
		Release|Any CPU = Release|Any CPU
	EndGlobalSection
	GlobalSection(ProjectConfigurationPlatforms) = postSolution
		{F42E28B5-74FF-4F88-A0D5-49BAFA3495CB}.Debug|Any CPU.ActiveCfg = Debug|Any CPU
		{F42E28B5-74FF-4F88-A0D5-49BAFA3495CB}.Debug|Any CPU.Build.0 = Debug|Any CPU
		{F42E28B5-74FF-4F88-A0D5-49BAFA3495CB}.Release|Any CPU.ActiveCfg = Release|Any CPU
		{F42E28B5-74FF-4F88-A0D5-49BAFA3495CB}.Release|Any CPU.Build.0 = Release|Any CPU
	EndGlobalSection
	GlobalSection(SolutionProperties) = preSolution
		HideSolutionNode = FALSE
	EndGlobalSection
EndGlobal
